// !$*UTF8*$!
{
	archiveVersion = 1;
	classes = {
	};
	objectVersion = 50;
	objects = {

/* Begin PBXBuildFile section */
		840EF37422217B090011DBF5 /* MainVC.swift in Sources */ = {isa = PBXBuildFile; fileRef = 840EF37222217B090011DBF5 /* MainVC.swift */; };
		840EF37522217B090011DBF5 /* MainVC.xib in Resources */ = {isa = PBXBuildFile; fileRef = 840EF37322217B090011DBF5 /* MainVC.xib */; };
		840EF3772221825B0011DBF5 /* Constants.swift in Sources */ = {isa = PBXBuildFile; fileRef = 840EF3762221825B0011DBF5 /* Constants.swift */; };
		840EF37B2221A6A90011DBF5 /* NetworkManager.swift in Sources */ = {isa = PBXBuildFile; fileRef = 840EF37A2221A6A90011DBF5 /* NetworkManager.swift */; };
		8456F2282221196B00DD00EE /* AppDelegate.swift in Sources */ = {isa = PBXBuildFile; fileRef = 8456F2272221196B00DD00EE /* AppDelegate.swift */; };
		8456F22A2221196B00DD00EE /* ViewController.swift in Sources */ = {isa = PBXBuildFile; fileRef = 8456F2292221196B00DD00EE /* ViewController.swift */; };
		8456F22D2221196B00DD00EE /* Main.storyboard in Resources */ = {isa = PBXBuildFile; fileRef = 8456F22B2221196B00DD00EE /* Main.storyboard */; };
		8456F22F2221196D00DD00EE /* Assets.xcassets in Resources */ = {isa = PBXBuildFile; fileRef = 8456F22E2221196D00DD00EE /* Assets.xcassets */; };
		8456F2322221196D00DD00EE /* LaunchScreen.storyboard in Resources */ = {isa = PBXBuildFile; fileRef = 8456F2302221196D00DD00EE /* LaunchScreen.storyboard */; };
		84D72B5F22224830001F857E /* LocationManager.swift in Sources */ = {isa = PBXBuildFile; fileRef = 84D72B5E22224830001F857E /* LocationManager.swift */; };
		84D72B6522228BDB001F857E /* UserPreferencesManager.swift in Sources */ = {isa = PBXBuildFile; fileRef = 84D72B6422228BDB001F857E /* UserPreferencesManager.swift */; };
		F271D26C21094C36772E9578 /* Pods_SlateApp.framework in Frameworks */ = {isa = PBXBuildFile; fileRef = 004F1BCD5BFFF30E9DD08D0A /* Pods_SlateApp.framework */; };
/* End PBXBuildFile section */

/* Begin PBXFileReference section */
		004F1BCD5BFFF30E9DD08D0A /* Pods_SlateApp.framework */ = {isa = PBXFileReference; explicitFileType = wrapper.framework; includeInIndex = 0; path = Pods_SlateApp.framework; sourceTree = BUILT_PRODUCTS_DIR; };
		56793E5174FDD56F52E57B1F /* Pods-SlateApp.release.xcconfig */ = {isa = PBXFileReference; includeInIndex = 1; lastKnownFileType = text.xcconfig; name = "Pods-SlateApp.release.xcconfig"; path = "Target Support Files/Pods-SlateApp/Pods-SlateApp.release.xcconfig"; sourceTree = "<group>"; };
		840EF37222217B090011DBF5 /* MainVC.swift */ = {isa = PBXFileReference; lastKnownFileType = sourcecode.swift; path = MainVC.swift; sourceTree = "<group>"; };
		840EF37322217B090011DBF5 /* MainVC.xib */ = {isa = PBXFileReference; lastKnownFileType = file.xib; path = MainVC.xib; sourceTree = "<group>"; };
		840EF3762221825B0011DBF5 /* Constants.swift */ = {isa = PBXFileReference; lastKnownFileType = sourcecode.swift; path = Constants.swift; sourceTree = "<group>"; };
		840EF37A2221A6A90011DBF5 /* NetworkManager.swift */ = {isa = PBXFileReference; lastKnownFileType = sourcecode.swift; path = NetworkManager.swift; sourceTree = "<group>"; };
		840EF3802221AB4D0011DBF5 /* SlateApp.entitlements */ = {isa = PBXFileReference; lastKnownFileType = text.plist.entitlements; path = SlateApp.entitlements; sourceTree = "<group>"; };
		8456F2242221196B00DD00EE /* SlateApp.app */ = {isa = PBXFileReference; explicitFileType = wrapper.application; includeInIndex = 0; path = SlateApp.app; sourceTree = BUILT_PRODUCTS_DIR; };
		8456F2272221196B00DD00EE /* AppDelegate.swift */ = {isa = PBXFileReference; lastKnownFileType = sourcecode.swift; path = AppDelegate.swift; sourceTree = "<group>"; };
		8456F2292221196B00DD00EE /* ViewController.swift */ = {isa = PBXFileReference; lastKnownFileType = sourcecode.swift; path = ViewController.swift; sourceTree = "<group>"; };
		8456F22C2221196B00DD00EE /* Base */ = {isa = PBXFileReference; lastKnownFileType = file.storyboard; name = Base; path = Base.lproj/Main.storyboard; sourceTree = "<group>"; };
		8456F22E2221196D00DD00EE /* Assets.xcassets */ = {isa = PBXFileReference; lastKnownFileType = folder.assetcatalog; path = Assets.xcassets; sourceTree = "<group>"; };
		8456F2312221196D00DD00EE /* Base */ = {isa = PBXFileReference; lastKnownFileType = file.storyboard; name = Base; path = Base.lproj/LaunchScreen.storyboard; sourceTree = "<group>"; };
		8456F2332221196D00DD00EE /* Info.plist */ = {isa = PBXFileReference; lastKnownFileType = text.plist.xml; path = Info.plist; sourceTree = "<group>"; };
		84D72B5E22224830001F857E /* LocationManager.swift */ = {isa = PBXFileReference; lastKnownFileType = sourcecode.swift; path = LocationManager.swift; sourceTree = "<group>"; };
		84D72B6422228BDB001F857E /* UserPreferencesManager.swift */ = {isa = PBXFileReference; lastKnownFileType = sourcecode.swift; path = UserPreferencesManager.swift; sourceTree = "<group>"; };
		E59A7E1257F99B176FEB2B08 /* Pods-SlateApp.debug.xcconfig */ = {isa = PBXFileReference; includeInIndex = 1; lastKnownFileType = text.xcconfig; name = "Pods-SlateApp.debug.xcconfig"; path = "Target Support Files/Pods-SlateApp/Pods-SlateApp.debug.xcconfig"; sourceTree = "<group>"; };
/* End PBXFileReference section */

/* Begin PBXFrameworksBuildPhase section */
		8456F2212221196B00DD00EE /* Frameworks */ = {
			isa = PBXFrameworksBuildPhase;
			buildActionMask = 2147483647;
			files = (
				F271D26C21094C36772E9578 /* Pods_SlateApp.framework in Frameworks */,
			);
			runOnlyForDeploymentPostprocessing = 0;
		};
/* End PBXFrameworksBuildPhase section */

/* Begin PBXGroup section */
		840EF37122217AF60011DBF5 /* MainVC */ = {
			isa = PBXGroup;
			children = (
				840EF37222217B090011DBF5 /* MainVC.swift */,
				840EF37322217B090011DBF5 /* MainVC.xib */,
			);
			path = MainVC;
			sourceTree = "<group>";
		};
		840EF378222182620011DBF5 /* Resources */ = {
			isa = PBXGroup;
			children = (
				840EF3762221825B0011DBF5 /* Constants.swift */,
			);
			name = Resources;
			path = "New Group";
			sourceTree = "<group>";
		};
		840EF3792221A6940011DBF5 /* NetworkManager */ = {
			isa = PBXGroup;
			children = (
				840EF37A2221A6A90011DBF5 /* NetworkManager.swift */,
			);
			path = NetworkManager;
			sourceTree = "<group>";
		};
		8456F21B2221196B00DD00EE = {
			isa = PBXGroup;
			children = (
				8456F2262221196B00DD00EE /* SlateApp */,
				8456F2252221196B00DD00EE /* Products */,
				E6A3BDAC8B410DBCEE437278 /* Pods */,
				A02156C037077F01494B2346 /* Frameworks */,
			);
			sourceTree = "<group>";
		};
		8456F2252221196B00DD00EE /* Products */ = {
			isa = PBXGroup;
			children = (
				8456F2242221196B00DD00EE /* SlateApp.app */,
			);
			name = Products;
			sourceTree = "<group>";
		};
		8456F2262221196B00DD00EE /* SlateApp */ = {
			isa = PBXGroup;
			children = (
				840EF3802221AB4D0011DBF5 /* SlateApp.entitlements */,
				84D72B6322228BC8001F857E /* UserPreferencesManager */,
				84D72B5D2222481B001F857E /* LocationManager */,
				840EF3792221A6940011DBF5 /* NetworkManager */,
				840EF378222182620011DBF5 /* Resources */,
				840EF37122217AF60011DBF5 /* MainVC */,
				8456F2272221196B00DD00EE /* AppDelegate.swift */,
				8456F2292221196B00DD00EE /* ViewController.swift */,
				8456F22B2221196B00DD00EE /* Main.storyboard */,
				8456F22E2221196D00DD00EE /* Assets.xcassets */,
				8456F2302221196D00DD00EE /* LaunchScreen.storyboard */,
				8456F2332221196D00DD00EE /* Info.plist */,
			);
			path = SlateApp;
			sourceTree = "<group>";
		};
		84D72B5D2222481B001F857E /* LocationManager */ = {
			isa = PBXGroup;
			children = (
				84D72B5E22224830001F857E /* LocationManager.swift */,
			);
			path = LocationManager;
			sourceTree = "<group>";
		};
		84D72B6322228BC8001F857E /* UserPreferencesManager */ = {
			isa = PBXGroup;
			children = (
				84D72B6422228BDB001F857E /* UserPreferencesManager.swift */,
			);
			path = UserPreferencesManager;
			sourceTree = "<group>";
		};
		A02156C037077F01494B2346 /* Frameworks */ = {
			isa = PBXGroup;
			children = (
				004F1BCD5BFFF30E9DD08D0A /* Pods_SlateApp.framework */,
			);
			name = Frameworks;
			sourceTree = "<group>";
		};
		E6A3BDAC8B410DBCEE437278 /* Pods */ = {
			isa = PBXGroup;
			children = (
				E59A7E1257F99B176FEB2B08 /* Pods-SlateApp.debug.xcconfig */,
				56793E5174FDD56F52E57B1F /* Pods-SlateApp.release.xcconfig */,
			);
			path = Pods;
			sourceTree = "<group>";
		};
/* End PBXGroup section */

/* Begin PBXNativeTarget section */
		8456F2232221196B00DD00EE /* SlateApp */ = {
			isa = PBXNativeTarget;
			buildConfigurationList = 8456F2362221196D00DD00EE /* Build configuration list for PBXNativeTarget "SlateApp" */;
			buildPhases = (
				265359B7F0D9D87A31CE3A9C /* [CP] Check Pods Manifest.lock */,
				8456F2202221196B00DD00EE /* Sources */,
				8456F2212221196B00DD00EE /* Frameworks */,
				8456F2222221196B00DD00EE /* Resources */,
				573567F3CB89C33D16D8E065 /* [CP] Embed Pods Frameworks */,
			);
			buildRules = (
			);
			dependencies = (
			);
			name = SlateApp;
			productName = SlateApp;
			productReference = 8456F2242221196B00DD00EE /* SlateApp.app */;
			productType = "com.apple.product-type.application";
		};
/* End PBXNativeTarget section */

/* Begin PBXProject section */
		8456F21C2221196B00DD00EE /* Project object */ = {
			isa = PBXProject;
			attributes = {
				LastSwiftUpdateCheck = 1010;
				LastUpgradeCheck = 1010;
				ORGANIZATIONNAME = admin;
				TargetAttributes = {
					8456F2232221196B00DD00EE = {
						CreatedOnToolsVersion = 10.1;
						SystemCapabilities = {
							com.apple.Maps.iOS = {
								enabled = 0;
							};
							com.apple.WAC = {
								enabled = 0;
							};
						};
					};
				};
			};
			buildConfigurationList = 8456F21F2221196B00DD00EE /* Build configuration list for PBXProject "SlateApp" */;
			compatibilityVersion = "Xcode 9.3";
			developmentRegion = en;
			hasScannedForEncodings = 0;
			knownRegions = (
				en,
				Base,
			);
			mainGroup = 8456F21B2221196B00DD00EE;
			productRefGroup = 8456F2252221196B00DD00EE /* Products */;
			projectDirPath = "";
			projectRoot = "";
			targets = (
				8456F2232221196B00DD00EE /* SlateApp */,
			);
		};
/* End PBXProject section */

/* Begin PBXResourcesBuildPhase section */
		8456F2222221196B00DD00EE /* Resources */ = {
			isa = PBXResourcesBuildPhase;
			buildActionMask = 2147483647;
			files = (
				8456F2322221196D00DD00EE /* LaunchScreen.storyboard in Resources */,
				840EF37522217B090011DBF5 /* MainVC.xib in Resources */,
				8456F22F2221196D00DD00EE /* Assets.xcassets in Resources */,
				8456F22D2221196B00DD00EE /* Main.storyboard in Resources */,
			);
			runOnlyForDeploymentPostprocessing = 0;
		};
/* End PBXResourcesBuildPhase section */

/* Begin PBXShellScriptBuildPhase section */
		265359B7F0D9D87A31CE3A9C /* [CP] Check Pods Manifest.lock */ = {
			isa = PBXShellScriptBuildPhase;
			buildActionMask = 2147483647;
			files = (
			);
			inputFileListPaths = (
			);
			inputPaths = (
				"${PODS_PODFILE_DIR_PATH}/Podfile.lock",
				"${PODS_ROOT}/Manifest.lock",
			);
			name = "[CP] Check Pods Manifest.lock";
			outputFileListPaths = (
			);
			outputPaths = (
				"$(DERIVED_FILE_DIR)/Pods-SlateApp-checkManifestLockResult.txt",
			);
			runOnlyForDeploymentPostprocessing = 0;
			shellPath = /bin/sh;
			shellScript = "diff \"${PODS_PODFILE_DIR_PATH}/Podfile.lock\" \"${PODS_ROOT}/Manifest.lock\" > /dev/null\nif [ $? != 0 ] ; then\n    # print error to STDERR\n    echo \"error: The sandbox is not in sync with the Podfile.lock. Run 'pod install' or update your CocoaPods installation.\" >&2\n    exit 1\nfi\n# This output is used by Xcode 'outputs' to avoid re-running this script phase.\necho \"SUCCESS\" > \"${SCRIPT_OUTPUT_FILE_0}\"\n";
			showEnvVarsInLog = 0;
		};
		573567F3CB89C33D16D8E065 /* [CP] Embed Pods Frameworks */ = {
			isa = PBXShellScriptBuildPhase;
			buildActionMask = 2147483647;
			files = (
			);
			inputFileListPaths = (
			);
			inputPaths = (
				"${PODS_ROOT}/Target Support Files/Pods-SlateApp/Pods-SlateApp-frameworks.sh",
				"${BUILT_PRODUCTS_DIR}/ReachabilitySwift/Reachability.framework",
			);
			name = "[CP] Embed Pods Frameworks";
			outputFileListPaths = (
			);
			outputPaths = (
				"${TARGET_BUILD_DIR}/${FRAMEWORKS_FOLDER_PATH}/Reachability.framework",
			);
			runOnlyForDeploymentPostprocessing = 0;
			shellPath = /bin/sh;
			shellScript = "\"${PODS_ROOT}/Target Support Files/Pods-SlateApp/Pods-SlateApp-frameworks.sh\"\n";
			showEnvVarsInLog = 0;
		};
/* End PBXShellScriptBuildPhase section */

/* Begin PBXSourcesBuildPhase section */
		8456F2202221196B00DD00EE /* Sources */ = {
			isa = PBXSourcesBuildPhase;
			buildActionMask = 2147483647;
			files = (
				8456F22A2221196B00DD00EE /* ViewController.swift in Sources */,
				840EF37422217B090011DBF5 /* MainVC.swift in Sources */,
				84D72B6522228BDB001F857E /* UserPreferencesManager.swift in Sources */,
				84D72B5F22224830001F857E /* LocationManager.swift in Sources */,
				840EF37B2221A6A90011DBF5 /* NetworkManager.swift in Sources */,
				8456F2282221196B00DD00EE /* AppDelegate.swift in Sources */,
				840EF3772221825B0011DBF5 /* Constants.swift in Sources */,
			);
			runOnlyForDeploymentPostprocessing = 0;
		};
/* End PBXSourcesBuildPhase section */

/* Begin PBXVariantGroup section */
		8456F22B2221196B00DD00EE /* Main.storyboard */ = {
			isa = PBXVariantGroup;
			children = (
				8456F22C2221196B00DD00EE /* Base */,
			);
			name = Main.storyboard;
			sourceTree = "<group>";
		};
		8456F2302221196D00DD00EE /* LaunchScreen.storyboard */ = {
			isa = PBXVariantGroup;
			children = (
				8456F2312221196D00DD00EE /* Base */,
			);
			name = LaunchScreen.storyboard;
			sourceTree = "<group>";
		};
/* End PBXVariantGroup section */

/* Begin XCBuildConfiguration section */
		8456F2342221196D00DD00EE /* Debug */ = {
			isa = XCBuildConfiguration;
			buildSettings = {
				ALWAYS_SEARCH_USER_PATHS = NO;
				CLANG_ANALYZER_NONNULL = YES;
				CLANG_ANALYZER_NUMBER_OBJECT_CONVERSION = YES_AGGRESSIVE;
				CLANG_CXX_LANGUAGE_STANDARD = "gnu++14";
				CLANG_CXX_LIBRARY = "libc++";
				CLANG_ENABLE_MODULES = YES;
				CLANG_ENABLE_OBJC_ARC = YES;
				CLANG_ENABLE_OBJC_WEAK = YES;
				CLANG_WARN_BLOCK_CAPTURE_AUTORELEASING = YES;
				CLANG_WARN_BOOL_CONVERSION = YES;
				CLANG_WARN_COMMA = YES;
				CLANG_WARN_CONSTANT_CONVERSION = YES;
				CLANG_WARN_DEPRECATED_OBJC_IMPLEMENTATIONS = YES;
				CLANG_WARN_DIRECT_OBJC_ISA_USAGE = YES_ERROR;
				CLANG_WARN_DOCUMENTATION_COMMENTS = YES;
				CLANG_WARN_EMPTY_BODY = YES;
				CLANG_WARN_ENUM_CONVERSION = YES;
				CLANG_WARN_INFINITE_RECURSION = YES;
				CLANG_WARN_INT_CONVERSION = YES;
				CLANG_WARN_NON_LITERAL_NULL_CONVERSION = YES;
				CLANG_WARN_OBJC_IMPLICIT_RETAIN_SELF = YES;
				CLANG_WARN_OBJC_LITERAL_CONVERSION = YES;
				CLANG_WARN_OBJC_ROOT_CLASS = YES_ERROR;
				CLANG_WARN_RANGE_LOOP_ANALYSIS = YES;
				CLANG_WARN_STRICT_PROTOTYPES = YES;
				CLANG_WARN_SUSPICIOUS_MOVE = YES;
				CLANG_WARN_UNGUARDED_AVAILABILITY = YES_AGGRESSIVE;
				CLANG_WARN_UNREACHABLE_CODE = YES;
				CLANG_WARN__DUPLICATE_METHOD_MATCH = YES;
				CODE_SIGN_IDENTITY = "iPhone Developer";
				COPY_PHASE_STRIP = NO;
				DEBUG_INFORMATION_FORMAT = dwarf;
				ENABLE_STRICT_OBJC_MSGSEND = YES;
				ENABLE_TESTABILITY = YES;
				GCC_C_LANGUAGE_STANDARD = gnu11;
				GCC_DYNAMIC_NO_PIC = NO;
				GCC_NO_COMMON_BLOCKS = YES;
				GCC_OPTIMIZATION_LEVEL = 0;
				GCC_PREPROCESSOR_DEFINITIONS = (
					"DEBUG=1",
					"$(inherited)",
				);
				GCC_WARN_64_TO_32_BIT_CONVERSION = YES;
				GCC_WARN_ABOUT_RETURN_TYPE = YES_ERROR;
				GCC_WARN_UNDECLARED_SELECTOR = YES;
				GCC_WARN_UNINITIALIZED_AUTOS = YES_AGGRESSIVE;
				GCC_WARN_UNUSED_FUNCTION = YES;
				GCC_WARN_UNUSED_VARIABLE = YES;
				IPHONEOS_DEPLOYMENT_TARGET = 12.1;
				MTL_ENABLE_DEBUG_INFO = INCLUDE_SOURCE;
				MTL_FAST_MATH = YES;
				ONLY_ACTIVE_ARCH = YES;
				SDKROOT = iphoneos;
				SWIFT_ACTIVE_COMPILATION_CONDITIONS = DEBUG;
				SWIFT_OPTIMIZATION_LEVEL = "-Onone";
			};
			name = Debug;
		};
		8456F2352221196D00DD00EE /* Release */ = {
			isa = XCBuildConfiguration;
			buildSettings = {
				ALWAYS_SEARCH_USER_PATHS = NO;
				CLANG_ANALYZER_NONNULL = YES;
				CLANG_ANALYZER_NUMBER_OBJECT_CONVERSION = YES_AGGRESSIVE;
				CLANG_CXX_LANGUAGE_STANDARD = "gnu++14";
				CLANG_CXX_LIBRARY = "libc++";
				CLANG_ENABLE_MODULES = YES;
				CLANG_ENABLE_OBJC_ARC = YES;
				CLANG_ENABLE_OBJC_WEAK = YES;
				CLANG_WARN_BLOCK_CAPTURE_AUTORELEASING = YES;
				CLANG_WARN_BOOL_CONVERSION = YES;
				CLANG_WARN_COMMA = YES;
				CLANG_WARN_CONSTANT_CONVERSION = YES;
				CLANG_WARN_DEPRECATED_OBJC_IMPLEMENTATIONS = YES;
				CLANG_WARN_DIRECT_OBJC_ISA_USAGE = YES_ERROR;
				CLANG_WARN_DOCUMENTATION_COMMENTS = YES;
				CLANG_WARN_EMPTY_BODY = YES;
				CLANG_WARN_ENUM_CONVERSION = YES;
				CLANG_WARN_INFINITE_RECURSION = YES;
				CLANG_WARN_INT_CONVERSION = YES;
				CLANG_WARN_NON_LITERAL_NULL_CONVERSION = YES;
				CLANG_WARN_OBJC_IMPLICIT_RETAIN_SELF = YES;
				CLANG_WARN_OBJC_LITERAL_CONVERSION = YES;
				CLANG_WARN_OBJC_ROOT_CLASS = YES_ERROR;
				CLANG_WARN_RANGE_LOOP_ANALYSIS = YES;
				CLANG_WARN_STRICT_PROTOTYPES = YES;
				CLANG_WARN_SUSPICIOUS_MOVE = YES;
				CLANG_WARN_UNGUARDED_AVAILABILITY = YES_AGGRESSIVE;
				CLANG_WARN_UNREACHABLE_CODE = YES;
				CLANG_WARN__DUPLICATE_METHOD_MATCH = YES;
				CODE_SIGN_IDENTITY = "iPhone Developer";
				COPY_PHASE_STRIP = NO;
				DEBUG_INFORMATION_FORMAT = "dwarf-with-dsym";
				ENABLE_NS_ASSERTIONS = NO;
				ENABLE_STRICT_OBJC_MSGSEND = YES;
				GCC_C_LANGUAGE_STANDARD = gnu11;
				GCC_NO_COMMON_BLOCKS = YES;
				GCC_WARN_64_TO_32_BIT_CONVERSION = YES;
				GCC_WARN_ABOUT_RETURN_TYPE = YES_ERROR;
				GCC_WARN_UNDECLARED_SELECTOR = YES;
				GCC_WARN_UNINITIALIZED_AUTOS = YES_AGGRESSIVE;
				GCC_WARN_UNUSED_FUNCTION = YES;
				GCC_WARN_UNUSED_VARIABLE = YES;
				IPHONEOS_DEPLOYMENT_TARGET = 12.1;
				MTL_ENABLE_DEBUG_INFO = NO;
				MTL_FAST_MATH = YES;
				SDKROOT = iphoneos;
				SWIFT_COMPILATION_MODE = wholemodule;
				SWIFT_OPTIMIZATION_LEVEL = "-O";
				VALIDATE_PRODUCT = YES;
			};
			name = Release;
		};
		8456F2372221196D00DD00EE /* Debug */ = {
			isa = XCBuildConfiguration;
			baseConfigurationReference = E59A7E1257F99B176FEB2B08 /* Pods-SlateApp.debug.xcconfig */;
			buildSettings = {
				ASSETCATALOG_COMPILER_APPICON_NAME = AppIcon;
				CODE_SIGN_ENTITLEMENTS = SlateApp/SlateApp.entitlements;
				CODE_SIGN_STYLE = Automatic;
				DEVELOPMENT_TEAM = 9W323M2EAV;
				INFOPLIST_FILE = SlateApp/Info.plist;
				LD_RUNPATH_SEARCH_PATHS = (
					"$(inherited)",
					"@executable_path/Frameworks",
				);
				PRODUCT_BUNDLE_IDENTIFIER = com.carlocedric.SlateApp;
				PRODUCT_NAME = "$(TARGET_NAME)";
				SWIFT_VERSION = 4.2;
				TARGETED_DEVICE_FAMILY = "1,2";
			};
			name = Debug;
		};
		8456F2382221196D00DD00EE /* Release */ = {
			isa = XCBuildConfiguration;
			baseConfigurationReference = 56793E5174FDD56F52E57B1F /* Pods-SlateApp.release.xcconfig */;
			buildSettings = {
				ASSETCATALOG_COMPILER_APPICON_NAME = AppIcon;
				CODE_SIGN_ENTITLEMENTS = SlateApp/SlateApp.entitlements;
				CODE_SIGN_STYLE = Automatic;
				DEVELOPMENT_TEAM = 9W323M2EAV;
				INFOPLIST_FILE = SlateApp/Info.plist;
				LD_RUNPATH_SEARCH_PATHS = (
					"$(inherited)",
					"@executable_path/Frameworks",
				);
				PRODUCT_BUNDLE_IDENTIFIER = com.carlocedric.SlateApp;
				PRODUCT_NAME = "$(TARGET_NAME)";
				SWIFT_VERSION = 4.2;
				TARGETED_DEVICE_FAMILY = "1,2";
			};
			name = Release;
		};
/* End XCBuildConfiguration section */

/* Begin XCConfigurationList section */
		8456F21F2221196B00DD00EE /* Build configuration list for PBXProject "SlateApp" */ = {
			isa = XCConfigurationList;
			buildConfigurations = (
				8456F2342221196D00DD00EE /* Debug */,
				8456F2352221196D00DD00EE /* Release */,
			);
			defaultConfigurationIsVisible = 0;
			defaultConfigurationName = Release;
		};
		8456F2362221196D00DD00EE /* Build configuration list for PBXNativeTarget "SlateApp" */ = {
			isa = XCConfigurationList;
			buildConfigurations = (
				8456F2372221196D00DD00EE /* Debug */,
				8456F2382221196D00DD00EE /* Release */,
			);
			defaultConfigurationIsVisible = 0;
			defaultConfigurationName = Release;
		};
/* End XCConfigurationList section */
	};
	rootObject = 8456F21C2221196B00DD00EE /* Project object */;
}
